// !$*UTF8*$!
{
	archiveVersion = 1;
	classes = {
	};
	objectVersion = 46;
	objects = {

/* Begin PBXBuildFile section */
		647D10721C35AA98003F6341 /* AppDelegate.swift in Sources */ = {isa = PBXBuildFile; fileRef = 647D10711C35AA98003F6341 /* AppDelegate.swift */; };
		647D10741C35AA98003F6341 /* ViewController.swift in Sources */ = {isa = PBXBuildFile; fileRef = 647D10731C35AA98003F6341 /* ViewController.swift */; };
		647D10771C35AA98003F6341 /* Main.storyboard in Resources */ = {isa = PBXBuildFile; fileRef = 647D10751C35AA98003F6341 /* Main.storyboard */; };
		647D10791C35AA98003F6341 /* Assets.xcassets in Resources */ = {isa = PBXBuildFile; fileRef = 647D10781C35AA98003F6341 /* Assets.xcassets */; };
		647D107C1C35AA98003F6341 /* LaunchScreen.storyboard in Resources */ = {isa = PBXBuildFile; fileRef = 647D107A1C35AA98003F6341 /* LaunchScreen.storyboard */; };
		647D10871C35AA98003F6341 /* TipometerTests.swift in Sources */ = {isa = PBXBuildFile; fileRef = 647D10861C35AA98003F6341 /* TipometerTests.swift */; };
		647D10921C35AA98003F6341 /* TipometerUITests.swift in Sources */ = {isa = PBXBuildFile; fileRef = 647D10911C35AA98003F6341 /* TipometerUITests.swift */; };
/* End PBXBuildFile section */

/* Begin PBXContainerItemProxy section */
		647D10831C35AA98003F6341 /* PBXContainerItemProxy */ = {
			isa = PBXContainerItemProxy;
			containerPortal = 647D10661C35AA98003F6341 /* Project object */;
			proxyType = 1;
			remoteGlobalIDString = 647D106D1C35AA98003F6341;
			remoteInfo = Tipometer;
		};
		647D108E1C35AA98003F6341 /* PBXContainerItemProxy */ = {
			isa = PBXContainerItemProxy;
			containerPortal = 647D10661C35AA98003F6341 /* Project object */;
			proxyType = 1;
			remoteGlobalIDString = 647D106D1C35AA98003F6341;
			remoteInfo = Tipometer;
		};
/* End PBXContainerItemProxy section */

/* Begin PBXFileReference section */
		647D106E1C35AA98003F6341 /* Tipometer.app */ = {isa = PBXFileReference; explicitFileType = wrapper.application; includeInIndex = 0; path = Tipometer.app; sourceTree = BUILT_PRODUCTS_DIR; };
		647D10711C35AA98003F6341 /* AppDelegate.swift */ = {isa = PBXFileReference; lastKnownFileType = sourcecode.swift; path = AppDelegate.swift; sourceTree = "<group>"; };
		647D10731C35AA98003F6341 /* ViewController.swift */ = {isa = PBXFileReference; lastKnownFileType = sourcecode.swift; path = ViewController.swift; sourceTree = "<group>"; };
		647D10761C35AA98003F6341 /* Base */ = {isa = PBXFileReference; lastKnownFileType = file.storyboard; name = Base; path = Base.lproj/Main.storyboard; sourceTree = "<group>"; };
		647D10781C35AA98003F6341 /* Assets.xcassets */ = {isa = PBXFileReference; lastKnownFileType = folder.assetcatalog; path = Assets.xcassets; sourceTree = "<group>"; };
		647D107B1C35AA98003F6341 /* Base */ = {isa = PBXFileReference; lastKnownFileType = file.storyboard; name = Base; path = Base.lproj/LaunchScreen.storyboard; sourceTree = "<group>"; };
		647D107D1C35AA98003F6341 /* Info.plist */ = {isa = PBXFileReference; lastKnownFileType = text.plist.xml; path = Info.plist; sourceTree = "<group>"; };
		647D10821C35AA98003F6341 /* TipometerTests.xctest */ = {isa = PBXFileReference; explicitFileType = wrapper.cfbundle; includeInIndex = 0; path = TipometerTests.xctest; sourceTree = BUILT_PRODUCTS_DIR; };
		647D10861C35AA98003F6341 /* TipometerTests.swift */ = {isa = PBXFileReference; lastKnownFileType = sourcecode.swift; path = TipometerTests.swift; sourceTree = "<group>"; };
		647D10881C35AA98003F6341 /* Info.plist */ = {isa = PBXFileReference; lastKnownFileType = text.plist.xml; path = Info.plist; sourceTree = "<group>"; };
		647D108D1C35AA98003F6341 /* TipometerUITests.xctest */ = {isa = PBXFileReference; explicitFileType = wrapper.cfbundle; includeInIndex = 0; path = TipometerUITests.xctest; sourceTree = BUILT_PRODUCTS_DIR; };
		647D10911C35AA98003F6341 /* TipometerUITests.swift */ = {isa = PBXFileReference; lastKnownFileType = sourcecode.swift; path = TipometerUITests.swift; sourceTree = "<group>"; };
		647D10931C35AA98003F6341 /* Info.plist */ = {isa = PBXFileReference; lastKnownFileType = text.plist.xml; path = Info.plist; sourceTree = "<group>"; };
/* End PBXFileReference section */

/* Begin PBXFrameworksBuildPhase section */
		647D106B1C35AA98003F6341 /* Frameworks */ = {
			isa = PBXFrameworksBuildPhase;
			buildActionMask = 2147483647;
			files = (
			);
			runOnlyForDeploymentPostprocessing = 0;
		};
		647D107F1C35AA98003F6341 /* Frameworks */ = {
			isa = PBXFrameworksBuildPhase;
			buildActionMask = 2147483647;
			files = (
			);
			runOnlyForDeploymentPostprocessing = 0;
		};
		647D108A1C35AA98003F6341 /* Frameworks */ = {
			isa = PBXFrameworksBuildPhase;
			buildActionMask = 2147483647;
			files = (
			);
			runOnlyForDeploymentPostprocessing = 0;
		};
/* End PBXFrameworksBuildPhase section */

/* Begin PBXGroup section */
		647D10651C35AA98003F6341 = {
			isa = PBXGroup;
			children = (
				647D10701C35AA98003F6341 /* Tipometer */,
				647D10851C35AA98003F6341 /* TipometerTests */,
				647D10901C35AA98003F6341 /* TipometerUITests */,
				647D106F1C35AA98003F6341 /* Products */,
			);
			sourceTree = "<group>";
		};
		647D106F1C35AA98003F6341 /* Products */ = {
			isa = PBXGroup;
			children = (
				647D106E1C35AA98003F6341 /* Tipometer.app */,
				647D10821C35AA98003F6341 /* TipometerTests.xctest */,
				647D108D1C35AA98003F6341 /* TipometerUITests.xctest */,
			);
			name = Products;
			sourceTree = "<group>";
		};
		647D10701C35AA98003F6341 /* Tipometer */ = {
			isa = PBXGroup;
			children = (
				647D10711C35AA98003F6341 /* AppDelegate.swift */,
				647D10731C35AA98003F6341 /* ViewController.swift */,
				647D10751C35AA98003F6341 /* Main.storyboard */,
				647D10781C35AA98003F6341 /* Assets.xcassets */,
				647D107A1C35AA98003F6341 /* LaunchScreen.storyboard */,
				647D107D1C35AA98003F6341 /* Info.plist */,
			);
			path = Tipometer;
			sourceTree = "<group>";
		};
		647D10851C35AA98003F6341 /* TipometerTests */ = {
			isa = PBXGroup;
			children = (
				647D10861C35AA98003F6341 /* TipometerTests.swift */,
				647D10881C35AA98003F6341 /* Info.plist */,
			);
			path = TipometerTests;
			sourceTree = "<group>";
		};
		647D10901C35AA98003F6341 /* TipometerUITests */ = {
			isa = PBXGroup;
			children = (
				647D10911C35AA98003F6341 /* TipometerUITests.swift */,
				647D10931C35AA98003F6341 /* Info.plist */,
			);
			path = TipometerUITests;
			sourceTree = "<group>";
		};
/* End PBXGroup section */

/* Begin PBXNativeTarget section */
		647D106D1C35AA98003F6341 /* Tipometer */ = {
			isa = PBXNativeTarget;
			buildConfigurationList = 647D10961C35AA98003F6341 /* Build configuration list for PBXNativeTarget "Tipometer" */;
			buildPhases = (
				647D106A1C35AA98003F6341 /* Sources */,
				647D106B1C35AA98003F6341 /* Frameworks */,
				647D106C1C35AA98003F6341 /* Resources */,
			);
			buildRules = (
			);
			dependencies = (
			);
			name = Tipometer;
			productName = Tipometer;
			productReference = 647D106E1C35AA98003F6341 /* Tipometer.app */;
			productType = "com.apple.product-type.application";
		};
		647D10811C35AA98003F6341 /* TipometerTests */ = {
			isa = PBXNativeTarget;
			buildConfigurationList = 647D10991C35AA98003F6341 /* Build configuration list for PBXNativeTarget "TipometerTests" */;
			buildPhases = (
				647D107E1C35AA98003F6341 /* Sources */,
				647D107F1C35AA98003F6341 /* Frameworks */,
				647D10801C35AA98003F6341 /* Resources */,
			);
			buildRules = (
			);
			dependencies = (
				647D10841C35AA98003F6341 /* PBXTargetDependency */,
			);
			name = TipometerTests;
			productName = TipometerTests;
			productReference = 647D10821C35AA98003F6341 /* TipometerTests.xctest */;
			productType = "com.apple.product-type.bundle.unit-test";
		};
		647D108C1C35AA98003F6341 /* TipometerUITests */ = {
			isa = PBXNativeTarget;
			buildConfigurationList = 647D109C1C35AA98003F6341 /* Build configuration list for PBXNativeTarget "TipometerUITests" */;
			buildPhases = (
				647D10891C35AA98003F6341 /* Sources */,
				647D108A1C35AA98003F6341 /* Frameworks */,
				647D108B1C35AA98003F6341 /* Resources */,
			);
			buildRules = (
			);
			dependencies = (
				647D108F1C35AA98003F6341 /* PBXTargetDependency */,
			);
			name = TipometerUITests;
			productName = TipometerUITests;
			productReference = 647D108D1C35AA98003F6341 /* TipometerUITests.xctest */;
			productType = "com.apple.product-type.bundle.ui-testing";
		};
/* End PBXNativeTarget section */

/* Begin PBXProject section */
		647D10661C35AA98003F6341 /* Project object */ = {
			isa = PBXProject;
			attributes = {
				LastSwiftUpdateCheck = 0720;
				LastUpgradeCheck = 0720;
				ORGANIZATIONNAME = "Daniel Nutakor";
				TargetAttributes = {
					647D106D1C35AA98003F6341 = {
						CreatedOnToolsVersion = 7.2;
					};
					647D10811C35AA98003F6341 = {
						CreatedOnToolsVersion = 7.2;
						TestTargetID = 647D106D1C35AA98003F6341;
					};
					647D108C1C35AA98003F6341 = {
						CreatedOnToolsVersion = 7.2;
						TestTargetID = 647D106D1C35AA98003F6341;
					};
				};
			};
			buildConfigurationList = 647D10691C35AA98003F6341 /* Build configuration list for PBXProject "Tipometer" */;
			compatibilityVersion = "Xcode 3.2";
			developmentRegion = English;
			hasScannedForEncodings = 0;
			knownRegions = (
				en,
				Base,
			);
			mainGroup = 647D10651C35AA98003F6341;
			productRefGroup = 647D106F1C35AA98003F6341 /* Products */;
			projectDirPath = "";
			projectRoot = "";
			targets = (
				647D106D1C35AA98003F6341 /* Tipometer */,
				647D10811C35AA98003F6341 /* TipometerTests */,
				647D108C1C35AA98003F6341 /* TipometerUITests */,
			);
		};
/* End PBXProject section */

/* Begin PBXResourcesBuildPhase section */
		647D106C1C35AA98003F6341 /* Resources */ = {
			isa = PBXResourcesBuildPhase;
			buildActionMask = 2147483647;
			files = (
				647D107C1C35AA98003F6341 /* LaunchScreen.storyboard in Resources */,
				647D10791C35AA98003F6341 /* Assets.xcassets in Resources */,
				647D10771C35AA98003F6341 /* Main.storyboard in Resources */,
			);
			runOnlyForDeploymentPostprocessing = 0;
		};
		647D10801C35AA98003F6341 /* Resources */ = {
			isa = PBXResourcesBuildPhase;
			buildActionMask = 2147483647;
			files = (
			);
			runOnlyForDeploymentPostprocessing = 0;
		};
		647D108B1C35AA98003F6341 /* Resources */ = {
			isa = PBXResourcesBuildPhase;
			buildActionMask = 2147483647;
			files = (
			);
			runOnlyForDeploymentPostprocessing = 0;
		};
/* End PBXResourcesBuildPhase section */

/* Begin PBXSourcesBuildPhase section */
		647D106A1C35AA98003F6341 /* Sources */ = {
			isa = PBXSourcesBuildPhase;
			buildActionMask = 2147483647;
			files = (
				647D10741C35AA98003F6341 /* ViewController.swift in Sources */,
				647D10721C35AA98003F6341 /* AppDelegate.swift in Sources */,
			);
			runOnlyForDeploymentPostprocessing = 0;
		};
		647D107E1C35AA98003F6341 /* Sources */ = {
			isa = PBXSourcesBuildPhase;
			buildActionMask = 2147483647;
			files = (
				647D10871C35AA98003F6341 /* TipometerTests.swift in Sources */,
			);
			runOnlyForDeploymentPostprocessing = 0;
		};
		647D10891C35AA98003F6341 /* Sources */ = {
			isa = PBXSourcesBuildPhase;
			buildActionMask = 2147483647;
			files = (
				647D10921C35AA98003F6341 /* TipometerUITests.swift in Sources */,
			);
			runOnlyForDeploymentPostprocessing = 0;
		};
/* End PBXSourcesBuildPhase section */

/* Begin PBXTargetDependency section */
		647D10841C35AA98003F6341 /* PBXTargetDependency */ = {
			isa = PBXTargetDependency;
			target = 647D106D1C35AA98003F6341 /* Tipometer */;
			targetProxy = 647D10831C35AA98003F6341 /* PBXContainerItemProxy */;
		};
		647D108F1C35AA98003F6341 /* PBXTargetDependency */ = {
			isa = PBXTargetDependency;
			target = 647D106D1C35AA98003F6341 /* Tipometer */;
			targetProxy = 647D108E1C35AA98003F6341 /* PBXContainerItemProxy */;
		};
/* End PBXTargetDependency section */

/* Begin PBXVariantGroup section */
		647D10751C35AA98003F6341 /* Main.storyboard */ = {
			isa = PBXVariantGroup;
			children = (
				647D10761C35AA98003F6341 /* Base */,
			);
			name = Main.storyboard;
			sourceTree = "<group>";
		};
		647D107A1C35AA98003F6341 /* LaunchScreen.storyboard */ = {
			isa = PBXVariantGroup;
			children = (
				647D107B1C35AA98003F6341 /* Base */,
			);
			name = LaunchScreen.storyboard;
			sourceTree = "<group>";
		};
/* End PBXVariantGroup section */

/* Begin XCBuildConfiguration section */
		647D10941C35AA98003F6341 /* Debug */ = {
			isa = XCBuildConfiguration;
			buildSettings = {
				ALWAYS_SEARCH_USER_PATHS = NO;
				CLANG_CXX_LANGUAGE_STANDARD = "gnu++0x";
				CLANG_CXX_LIBRARY = "libc++";
				CLANG_ENABLE_MODULES = YES;
				CLANG_ENABLE_OBJC_ARC = YES;
				CLANG_WARN_BOOL_CONVERSION = YES;
				CLANG_WARN_CONSTANT_CONVERSION = YES;
				CLANG_WARN_DIRECT_OBJC_ISA_USAGE = YES_ERROR;
				CLANG_WARN_EMPTY_BODY = YES;
				CLANG_WARN_ENUM_CONVERSION = YES;
				CLANG_WARN_INT_CONVERSION = YES;
				CLANG_WARN_OBJC_ROOT_CLASS = YES_ERROR;
				CLANG_WARN_UNREACHABLE_CODE = YES;
				CLANG_WARN__DUPLICATE_METHOD_MATCH = YES;
				"CODE_SIGN_IDENTITY[sdk=iphoneos*]" = "iPhone Developer";
				COPY_PHASE_STRIP = NO;
				DEBUG_INFORMATION_FORMAT = dwarf;
				ENABLE_STRICT_OBJC_MSGSEND = YES;
				ENABLE_TESTABILITY = YES;
				GCC_C_LANGUAGE_STANDARD = gnu99;
				GCC_DYNAMIC_NO_PIC = NO;
				GCC_NO_COMMON_BLOCKS = YES;
				GCC_OPTIMIZATION_LEVEL = 0;
				GCC_PREPROCESSOR_DEFINITIONS = (
					"DEBUG=1",
					"$(inherited)",
				);
				GCC_WARN_64_TO_32_BIT_CONVERSION = YES;
				GCC_WARN_ABOUT_RETURN_TYPE = YES_ERROR;
				GCC_WARN_UNDECLARED_SELECTOR = YES;
				GCC_WARN_UNINITIALIZED_AUTOS = YES_AGGRESSIVE;
				GCC_WARN_UNUSED_FUNCTION = YES;
				GCC_WARN_UNUSED_VARIABLE = YES;
				IPHONEOS_DEPLOYMENT_TARGET = 9.2;
				MTL_ENABLE_DEBUG_INFO = YES;
				ONLY_ACTIVE_ARCH = YES;
				SDKROOT = iphoneos;
				SWIFT_OPTIMIZATION_LEVEL = "-Onone";
			};
			name = Debug;
		};
		647D10951C35AA98003F6341 /* Release */ = {
			isa = XCBuildConfiguration;
			buildSettings = {
				ALWAYS_SEARCH_USER_PATHS = NO;
				CLANG_CXX_LANGUAGE_STANDARD = "gnu++0x";
				CLANG_CXX_LIBRARY = "libc++";
				CLANG_ENABLE_MODULES = YES;
				CLANG_ENABLE_OBJC_ARC = YES;
				CLANG_WARN_BOOL_CONVERSION = YES;
				CLANG_WARN_CONSTANT_CONVERSION = YES;
				CLANG_WARN_DIRECT_OBJC_ISA_USAGE = YES_ERROR;
				CLANG_WARN_EMPTY_BODY = YES;
				CLANG_WARN_ENUM_CONVERSION = YES;
				CLANG_WARN_INT_CONVERSION = YES;
				CLANG_WARN_OBJC_ROOT_CLASS = YES_ERROR;
				CLANG_WARN_UNREACHABLE_CODE = YES;
				CLANG_WARN__DUPLICATE_METHOD_MATCH = YES;
				"CODE_SIGN_IDENTITY[sdk=iphoneos*]" = "iPhone Developer";
				COPY_PHASE_STRIP = NO;
				DEBUG_INFORMATION_FORMAT = "dwarf-with-dsym";
				ENABLE_NS_ASSERTIONS = NO;
				ENABLE_STRICT_OBJC_MSGSEND = YES;
				GCC_C_LANGUAGE_STANDARD = gnu99;
				GCC_NO_COMMON_BLOCKS = YES;
				GCC_WARN_64_TO_32_BIT_CONVERSION = YES;
				GCC_WARN_ABOUT_RETURN_TYPE = YES_ERROR;
				GCC_WARN_UNDECLARED_SELECTOR = YES;
				GCC_WARN_UNINITIALIZED_AUTOS = YES_AGGRESSIVE;
				GCC_WARN_UNUSED_FUNCTION = YES;
				GCC_WARN_UNUSED_VARIABLE = YES;
				IPHONEOS_DEPLOYMENT_TARGET = 9.2;
				MTL_ENABLE_DEBUG_INFO = NO;
				SDKROOT = iphoneos;
				VALIDATE_PRODUCT = YES;
			};
			name = Release;
		};
		647D10971C35AA98003F6341 /* Debug */ = {
			isa = XCBuildConfiguration;
			buildSettings = {
				ASSETCATALOG_COMPILER_APPICON_NAME = AppIcon;
				INFOPLIST_FILE = Tipometer/Info.plist;
				LD_RUNPATH_SEARCH_PATHS = "$(inherited) @executable_path/Frameworks";
				PRODUCT_BUNDLE_IDENTIFIER = com.codepath.Tipometer;
				PRODUCT_NAME = "$(TARGET_NAME)";
			};
			name = Debug;
		};
		647D10981C35AA98003F6341 /* Release */ = {
			isa = XCBuildConfiguration;
			buildSettings = {
				ASSETCATALOG_COMPILER_APPICON_NAME = AppIcon;
				INFOPLIST_FILE = Tipometer/Info.plist;
				LD_RUNPATH_SEARCH_PATHS = "$(inherited) @executable_path/Frameworks";
				PRODUCT_BUNDLE_IDENTIFIER = com.codepath.Tipometer;
				PRODUCT_NAME = "$(TARGET_NAME)";
			};
			name = Release;
		};
		647D109A1C35AA98003F6341 /* Debug */ = {
			isa = XCBuildConfiguration;
			buildSettings = {
				BUNDLE_LOADER = "$(TEST_HOST)";
				INFOPLIST_FILE = TipometerTests/Info.plist;
				LD_RUNPATH_SEARCH_PATHS = "$(inherited) @executable_path/Frameworks @loader_path/Frameworks";
				PRODUCT_BUNDLE_IDENTIFIER = com.codepath.TipometerTests;
				PRODUCT_NAME = "$(TARGET_NAME)";
				TEST_HOST = "$(BUILT_PRODUCTS_DIR)/Tipometer.app/Tipometer";
			};
			name = Debug;
		};
		647D109B1C35AA98003F6341 /* Release */ = {
			isa = XCBuildConfiguration;
			buildSettings = {
				BUNDLE_LOADER = "$(TEST_HOST)";
				INFOPLIST_FILE = TipometerTests/Info.plist;
				LD_RUNPATH_SEARCH_PATHS = "$(inherited) @executable_path/Frameworks @loader_path/Frameworks";
				PRODUCT_BUNDLE_IDENTIFIER = com.codepath.TipometerTests;
				PRODUCT_NAME = "$(TARGET_NAME)";
				TEST_HOST = "$(BUILT_PRODUCTS_DIR)/Tipometer.app/Tipometer";
			};
			name = Release;
		};
		647D109D1C35AA98003F6341 /* Debug */ = {
			isa = XCBuildConfiguration;
			buildSettings = {
				INFOPLIST_FILE = TipometerUITests/Info.plist;
				LD_RUNPATH_SEARCH_PATHS = "$(inherited) @executable_path/Frameworks @loader_path/Frameworks";
				PRODUCT_BUNDLE_IDENTIFIER = com.codepath.TipometerUITests;
				PRODUCT_NAME = "$(TARGET_NAME)";
				TEST_TARGET_NAME = Tipometer;
				USES_XCTRUNNER = YES;
			};
			name = Debug;
		};
		647D109E1C35AA98003F6341 /* Release */ = {
			isa = XCBuildConfiguration;
			buildSettings = {
				INFOPLIST_FILE = TipometerUITests/Info.plist;
				LD_RUNPATH_SEARCH_PATHS = "$(inherited) @executable_path/Frameworks @loader_path/Frameworks";
				PRODUCT_BUNDLE_IDENTIFIER = com.codepath.TipometerUITests;
				PRODUCT_NAME = "$(TARGET_NAME)";
				TEST_TARGET_NAME = Tipometer;
				USES_XCTRUNNER = YES;
			};
			name = Release;
		};
/* End XCBuildConfiguration section */

/* Begin XCConfigurationList section */
		647D10691C35AA98003F6341 /* Build configuration list for PBXProject "Tipometer" */ = {
			isa = XCConfigurationList;
			buildConfigurations = (
				647D10941C35AA98003F6341 /* Debug */,
				647D10951C35AA98003F6341 /* Release */,
			);
			defaultConfigurationIsVisible = 0;
			defaultConfigurationName = Release;
		};
		647D10961C35AA98003F6341 /* Build configuration list for PBXNativeTarget "Tipometer" */ = {
			isa = XCConfigurationList;
			buildConfigurations = (
				647D10971C35AA98003F6341 /* Debug */,
				647D10981C35AA98003F6341 /* Release */,
			);
			defaultConfigurationIsVisible = 0;
		};
		647D10991C35AA98003F6341 /* Build configuration list for PBXNativeTarget "TipometerTests" */ = {
			isa = XCConfigurationList;
			buildConfigurations = (
				647D109A1C35AA98003F6341 /* Debug */,
				647D109B1C35AA98003F6341 /* Release */,
			);
			defaultConfigurationIsVisible = 0;
		};
		647D109C1C35AA98003F6341 /* Build configuration list for PBXNativeTarget "TipometerUITests" */ = {
			isa = XCConfigurationList;
			buildConfigurations = (
				647D109D1C35AA98003F6341 /* Debug */,
				647D109E1C35AA98003F6341 /* Release */,
			);
			defaultConfigurationIsVisible = 0;
		};
/* End XCConfigurationList section */
	};
	rootObject = 647D10661C35AA98003F6341 /* Project object */;
}
